
Microsoft Visual Studio Solution File, Format Version 12.00
# Visual Studio Version 17
VisualStudioVersion = 17.5.002.0
MinimumVisualStudioVersion = 10.0.40219.1
Project("{9A19103F-16F7-4668-BE54-9A1E7A4F7556}") = "ThucHanh", "ThucHanh.csproj", "{0726D4B1-69F8-475A-B9FF-2A5E66733E05}"
EndProject
Global
	GlobalSection(SolutionConfigurationPlatforms) = preSolution
		Debug|Any CPU = Debug|Any CPU
		Release|Any CPU = Release|Any CPU
	EndGlobalSection
	GlobalSection(ProjectConfigurationPlatforms) = postSolution
		{0726D4B1-69F8-475A-B9FF-2A5E66733E05}.Debug|Any CPU.ActiveCfg = Debug|Any CPU
		{0726D4B1-69F8-475A-B9FF-2A5E66733E05}.Debug|Any CPU.Build.0 = Debug|Any CPU
		{0726D4B1-69F8-475A-B9FF-2A5E66733E05}.Release|Any CPU.ActiveCfg = Release|Any CPU
		{0726D4B1-69F8-475A-B9FF-2A5E66733E05}.Release|Any CPU.Build.0 = Release|Any CPU
	EndGlobalSection
	GlobalSection(SolutionProperties) = preSolution
		HideSolutionNode = FALSE
	EndGlobalSection
	GlobalSection(ExtensibilityGlobals) = postSolution
		SolutionGuid = {2A8A0F25-83AC-43E4-A05C-467B5E530EE8}
	EndGlobalSection
EndGlobal
